<?xml version="1.0" encoding="utf-8"?>
<Project ToolsVersion="4.0" xmlns="http://schemas.microsoft.com/developer/msbuild/2003">
  <ItemGroup>
    <ClInclude Include="Precompiled.h">
      <Filter>Source Files</Filter>
    </ClInclude>
    <ClInclude Include="AssetManager.h">
      <Filter>Source Files\assets</Filter>
    </ClInclude>
    <ClInclude Include="JsonDataLoader.h">
      <Filter>Source Files\data</Filter>
    </ClInclude>
    <ClInclude Include="DataSource.h">
      <Filter>Source Files\data</Filter>
    </ClInclude>
    <ClInclude Include="IData.h">
      <Filter>Source Files\data</Filter>
    </ClInclude>
    <ClInclude Include="IJsonData.h">
      <Filter>Source Files\data</Filter>
    </ClInclude>
    <ClInclude Include="DataLoader.h">
      <Filter>Source Files\data</Filter>
    </ClInclude>
    <ClInclude Include="Scope.h">
      <Filter>Source Files\scopes</Filter>
    </ClInclude>
    <ClInclude Include="Widget.h">
      <Filter>Source Files\ui</Filter>
    </ClInclude>
    <ClInclude Include="Image.h">
      <Filter>Source Files\ui</Filter>
    </ClInclude>
    <ClInclude Include="PanelWidget.h">
      <Filter>Source Files\ui</Filter>
    </ClInclude>
    <ClInclude Include="CanvasPanel.h">
      <Filter>Source Files\ui</Filter>
    </ClInclude>
    <ClInclude Include="StackPanel.h">
      <Filter>Source Files\ui</Filter>
    </ClInclude>
    <ClInclude Include="GridPanel.h">
      <Filter>Source Files\ui</Filter>
    </ClInclude>
    <ClInclude Include="TextLabel.h">
      <Filter>Source Files\ui</Filter>
    </ClInclude>
    <ClInclude Include="Button.h">
      <Filter>Source Files\ui</Filter>
    </ClInclude>
    <ClInclude Include="UIView.h">
      <Filter>Source Files\ui</Filter>
    </ClInclude>
    <ClInclude Include="ReactiveProperty.h">
      <Filter>Source Files\rx</Filter>
    </ClInclude>
  </ItemGroup>
  <ItemGroup>
    <ClCompile Include="Precompiled.cpp">
      <Filter>Source Files</Filter>
    </ClCompile>
    <ClCompile Include="AssetManager.cpp">
      <Filter>Source Files\assets</Filter>
    </ClCompile>
    <ClCompile Include="JsonDataLoader.cpp">
      <Filter>Source Files\data</Filter>
    </ClCompile>
    <ClCompile Include="DataSource.cpp">
      <Filter>Source Files\data</Filter>
    </ClCompile>
    <ClCompile Include="IData.cpp">
      <Filter>Source Files\data</Filter>
    </ClCompile>
    <ClCompile Include="IJsonData.cpp">
      <Filter>Source Files\data</Filter>
    </ClCompile>
    <ClCompile Include="DataLoader.cpp">
      <Filter>Source Files\data</Filter>
    </ClCompile>
    <ClCompile Include="Scope.cpp">
      <Filter>Source Files\scopes</Filter>
    </ClCompile>
    <ClCompile Include="Widget.cpp">
      <Filter>Source Files\ui</Filter>
    </ClCompile>
    <ClCompile Include="Image.cpp">
      <Filter>Source Files\ui</Filter>
    </ClCompile>
    <ClCompile Include="PanelWidget.cpp">
      <Filter>Source Files\ui</Filter>
    </ClCompile>
    <ClCompile Include="CanvasPanel.cpp">
      <Filter>Source Files\ui</Filter>
    </ClCompile>
    <ClCompile Include="StackPanel.cpp">
      <Filter>Source Files\ui</Filter>
    </ClCompile>
    <ClCompile Include="GridPanel.cpp">
      <Filter>Source Files\ui</Filter>
    </ClCompile>
    <ClCompile Include="TextLabel.cpp">
      <Filter>Source Files\ui</Filter>
    </ClCompile>
    <ClCompile Include="Button.cpp">
      <Filter>Source Files\ui</Filter>
    </ClCompile>
    <ClCompile Include="UIView.cpp">
      <Filter>Source Files\ui</Filter>
    </ClCompile>
    <ClCompile Include="ReactiveProperty.cpp">
      <Filter>Source Files\rx</Filter>
    </ClCompile>
  </ItemGroup>
  <ItemGroup>
    <Filter Include="Source Files">
      <UniqueIdentifier>{54a5ee95-f5d0-4f9a-a78c-b46396b35ccc}</UniqueIdentifier>
    </Filter>
    <Filter Include="Source Files\assets">
      <UniqueIdentifier>{92978aea-1596-4d89-920e-d4bcb7de7c1e}</UniqueIdentifier>
    </Filter>
    <Filter Include="Source Files\data">
      <UniqueIdentifier>{cb7da4e8-b7c3-4cc7-a3da-61c0f875e442}</UniqueIdentifier>
    </Filter>
    <Filter Include="Source Files\scopes">
      <UniqueIdentifier>{b8869963-4114-4c36-a84a-4b4a598d65ca}</UniqueIdentifier>
    </Filter>
    <Filter Include="Source Files\ui">
      <UniqueIdentifier>{cde611b9-5240-46c9-a5d4-c58f26e8d3fc}</UniqueIdentifier>
    </Filter>
    <Filter Include="Source Files\rx">
      <UniqueIdentifier>{ed683653-5e89-4005-8092-bc763db9fe05}</UniqueIdentifier>
    </Filter>
  </ItemGroup>
</Project>